
Microsoft Visual Studio Solution File, Format Version 12.00
# Visual Studio Version 17
VisualStudioVersion = 17.7.34003.232
MinimumVisualStudioVersion = 10.0.40219.1
Project("{FAE04EC0-301F-11D3-BF4B-00C04F79EFBC}") = "SW-TP01", "SW-TP01.csproj", "{53516299-BCD5-46EE-99C3-55D4DA8B5CF4}"
EndProject
Global
	GlobalSection(SolutionConfigurationPlatforms) = preSolution
		Debug|Any CPU = Debug|Any CPU
		Release|Any CPU = Release|Any CPU
	EndGlobalSection
	GlobalSection(ProjectConfigurationPlatforms) = postSolution
		{53516299-BCD5-46EE-99C3-55D4DA8B5CF4}.Debug|Any CPU.ActiveCfg = Debug|Any CPU
		{53516299-BCD5-46EE-99C3-55D4DA8B5CF4}.Debug|Any CPU.Build.0 = Debug|Any CPU
		{53516299-BCD5-46EE-99C3-55D4DA8B5CF4}.Release|Any CPU.ActiveCfg = Release|Any CPU
		{53516299-BCD5-46EE-99C3-55D4DA8B5CF4}.Release|Any CPU.Build.0 = Release|Any CPU
	EndGlobalSection
	GlobalSection(SolutionProperties) = preSolution
		HideSolutionNode = FALSE
	EndGlobalSection
	GlobalSection(ExtensibilityGlobals) = postSolution
		SolutionGuid = {0814883E-1356-4489-AD9D-A72BE69BA798}
	EndGlobalSection
EndGlobal
